{
  "version": 4,
  "terraform_version": "1.14.8",
  "serial": 19,
  "lineage": "0705daf9-95e4-74a7-3620-929724a6a387",
  "outputs": {},
  "resources": [
    {
      "mode": "managed",
      "type": "azurerm_container_app",
      "name": "starter-app",
      "provider": "provider[\"registry.terraform.io/hashicorp/azurerm\"]",
      "instances": [
        {
          "schema_version": 0,
          "attributes": {
            "container_app_environment_id": "/subscriptions/cd8609d4-6bcc-4bf6-bed6-60db0e1c795f/resourceGroups/starter_app_rg/providers/Microsoft.App/managedEnvironments/starter-app-environment",
            "custom_domain_verification_id": "EC554197515752E37E426844D2E9D6B8DC0570CD3679C33426F599ACE307E4D9",
            "dapr": [],
            "id": "/subscriptions/cd8609d4-6bcc-4bf6-bed6-60db0e1c795f/resourceGroups/starter_app_rg/providers/Microsoft.App/containerApps/starter-app",
            "identity": [
              {
                "identity_ids": [
                  "/subscriptions/cd8609d4-6bcc-4bf6-bed6-60db0e1c795f/resourceGroups/starter_app_rg/providers/Microsoft.ManagedIdentity/userAssignedIdentities/containerapp-pull-id"
                ],
                "principal_id": "",
                "tenant_id": "",
                "type": "UserAssigned"
              }
            ],
            "ingress": [
              {
                "allow_insecure_connections": false,
                "client_certificate_mode": "",
                "cors": [],
                "custom_domain": [],
                "exposed_port": 0,
                "external_enabled": true,
                "fqdn": "starter-app.icyground-5237e7cf.westeurope.azurecontainerapps.io",
                "ip_security_restriction": [],
                "target_port": 8000,
                "traffic_weight": [
                  {
                    "label": "",
                    "latest_revision": true,
                    "percentage": 100,
                    "revision_suffix": ""
                  }
                ],
                "transport": "auto"
              }
            ],
            "latest_revision_fqdn": "starter-app--0000001.icyground-5237e7cf.westeurope.azurecontainerapps.io",
            "latest_revision_name": "starter-app--0000001",
            "location": "westeurope",
            "max_inactive_revisions": 0,
            "name": "starter-app",
            "outbound_ip_addresses": [
              "98.64.243.112"
            ],
            "registry": [
              {
                "identity": "/subscriptions/cd8609d4-6bcc-4bf6-bed6-60db0e1c795f/resourceGroups/starter_app_rg/providers/Microsoft.ManagedIdentity/userAssignedIdentities/containerapp-pull-id",
                "password_secret_name": "",
                "server": "starterappregistry.azurecr.io",
                "username": ""
              }
            ],
            "resource_group_name": "starter_app_rg",
            "revision_mode": "Single",
            "secret": [],
            "tags": {},
            "template": [
              {
                "azure_queue_scale_rule": [],
                "container": [
                  {
                    "args": [],
                    "command": [],
                    "cpu": 0.5,
                    "env": [
                      {
                        "name": "APP_NAME",
                        "secret_name": "",
                        "value": "Cloud Lab Starter App"
                      },
                      {
                        "name": "INTERN_NAME",
                        "secret_name": "",
                        "value": "Adetomiwa Aribisala"
                      },
                      {
                        "name": "CLOUD_PLATFORM",
                        "secret_name": "",
                        "value": "Azure"
                      },
                      {
                        "name": "ENVIRONMENT",
                        "secret_name": "",
                        "value": "dev"
                      },
                      {
                        "name": "APP_VERSION",
                        "secret_name": "",
                        "value": "v1.0.0"
                      },
                      {
                        "name": "APP_STATUS",
                        "secret_name": "",
                        "value": "healthy"
                      }
                    ],
                    "ephemeral_storage": "2Gi",
                    "image": "starterappregistry.azurecr.io/lab1-starter-app:v1",
                    "liveness_probe": [],
                    "memory": "1Gi",
                    "name": "startercontainerapp",
                    "readiness_probe": [],
                    "startup_probe": [],
                    "volume_mounts": []
                  }
                ],
                "cooldown_period_in_seconds": 300,
                "custom_scale_rule": [],
                "http_scale_rule": [],
                "init_container": [],
                "max_replicas": 3,
                "min_replicas": 1,
                "polling_interval_in_seconds": 30,
                "revision_suffix": "",
                "tcp_scale_rule": [],
                "termination_grace_period_seconds": 0,
                "volume": []
              }
            ],
            "timeouts": null,
            "workload_profile_name": ""
          },
          "sensitive_attributes": [
            [
              {
                "type": "get_attr",
                "value": "custom_domain_verification_id"
              }
            ]
          ],
          "identity_schema_version": 0,
          "private": "eyJlMmJmYjczMC1lY2FhLTExZTYtOGY4OC0zNDM2M2JjN2M0YzAiOnsiY3JlYXRlIjoxODAwMDAwMDAwMDAwLCJkZWxldGUiOjE4MDAwMDAwMDAwMDAsInJlYWQiOjMwMDAwMDAwMDAwMCwidXBkYXRlIjoxODAwMDAwMDAwMDAwfX0=",
          "dependencies": [
            "azurerm_container_app_environment.starter_app_environment",
            "azurerm_log_analytics_workspace.starter_app_workspace",
            "azurerm_resource_group.starter_app_rg",
            "azurerm_user_assigned_identity.containerapp_identity"
          ]
        }
      ]
    },
    {
      "mode": "managed",
      "type": "azurerm_container_app_environment",
      "name": "starter_app_environment",
      "provider": "provider[\"registry.terraform.io/hashicorp/azurerm\"]",
      "instances": [
        {
          "schema_version": 0,
          "attributes": {
            "custom_domain_verification_id": "EC554197515752E37E426844D2E9D6B8DC0570CD3679C33426F599ACE307E4D9",
            "dapr_application_insights_connection_string": "",
            "default_domain": "icyground-5237e7cf.westeurope.azurecontainerapps.io",
            "docker_bridge_cidr": "",
            "id": "/subscriptions/cd8609d4-6bcc-4bf6-bed6-60db0e1c795f/resourceGroups/starter_app_rg/providers/Microsoft.App/managedEnvironments/starter-app-environment",
            "identity": [],
            "infrastructure_resource_group_name": "",
            "infrastructure_subnet_id": "",
            "internal_load_balancer_enabled": false,
            "location": "westeurope",
            "log_analytics_workspace_id": "/subscriptions/cd8609d4-6bcc-4bf6-bed6-60db0e1c795f/resourceGroups/starter_app_rg/providers/Microsoft.OperationalInsights/workspaces/starter-app-workspace",
            "logs_destination": "log-analytics",
            "mutual_tls_enabled": false,
            "name": "starter-app-environment",
            "platform_reserved_cidr": "",
            "platform_reserved_dns_ip_address": "",
            "public_network_access": "Enabled",
            "resource_group_name": "starter_app_rg",
            "static_ip_address": "20.103.154.74",
            "tags": {},
            "timeouts": null,
            "workload_profile": [],
            "zone_redundancy_enabled": false
          },
          "sensitive_attributes": [
            [
              {
                "type": "get_attr",
                "value": "dapr_application_insights_connection_string"
              }
            ]
          ],
          "identity_schema_version": 0,
          "private": "eyJlMmJmYjczMC1lY2FhLTExZTYtOGY4OC0zNDM2M2JjN2M0YzAiOnsiY3JlYXRlIjoxODAwMDAwMDAwMDAwLCJkZWxldGUiOjE4MDAwMDAwMDAwMDAsInJlYWQiOjMwMDAwMDAwMDAwMCwidXBkYXRlIjoxODAwMDAwMDAwMDAwfX0=",
          "dependencies": [
            "azurerm_log_analytics_workspace.starter_app_workspace",
            "azurerm_resource_group.starter_app_rg"
          ]
        }
      ]
    },
    {
      "mode": "managed",
      "type": "azurerm_container_registry",
      "name": "starter_app_registry",
      "provider": "provider[\"registry.terraform.io/hashicorp/azurerm\"]",
      "instances": [
        {
          "schema_version": 2,
          "attributes": {
            "admin_enabled": false,
            "admin_password": "",
            "admin_username": "",
            "anonymous_pull_enabled": false,
            "data_endpoint_enabled": false,
            "data_endpoint_host_names": [],
            "encryption": [],
            "export_policy_enabled": true,
            "georeplications": [],
            "id": "/subscriptions/cd8609d4-6bcc-4bf6-bed6-60db0e1c795f/resourceGroups/starter_app_rg/providers/Microsoft.ContainerRegistry/registries/starterappregistry",
            "identity": [],
            "location": "westeurope",
            "login_server": "starterappregistry.azurecr.io",
            "name": "starterappregistry",
            "network_rule_bypass_option": "AzureServices",
            "network_rule_set": [],
            "public_network_access_enabled": true,
            "quarantine_policy_enabled": false,
            "resource_group_name": "starter_app_rg",
            "retention_policy_in_days": 0,
            "sku": "Basic",
            "tags": {},
            "timeouts": null,
            "trust_policy_enabled": false,
            "zone_redundancy_enabled": false
          },
          "sensitive_attributes": [
            [
              {
                "type": "get_attr",
                "value": "admin_password"
              }
            ]
          ],
          "identity_schema_version": 0,
          "private": "eyJlMmJmYjczMC1lY2FhLTExZTYtOGY4OC0zNDM2M2JjN2M0YzAiOnsiY3JlYXRlIjoxODAwMDAwMDAwMDAwLCJkZWxldGUiOjE4MDAwMDAwMDAwMDAsInJlYWQiOjMwMDAwMDAwMDAwMCwidXBkYXRlIjoxODAwMDAwMDAwMDAwfSwic2NoZW1hX3ZlcnNpb24iOiIyIn0=",
          "dependencies": [
            "azurerm_resource_group.starter_app_rg"
          ]
        }
      ]
    },
    {
      "mode": "managed",
      "type": "azurerm_log_analytics_workspace",
      "name": "starter_app_workspace",
      "provider": "provider[\"registry.terraform.io/hashicorp/azurerm\"]",
      "instances": [
        {
          "schema_version": 3,
          "attributes": {
            "allow_resource_only_permissions": true,
            "cmk_for_query_forced": false,
            "daily_quota_gb": -1,
            "data_collection_rule_id": "",
            "id": "/subscriptions/cd8609d4-6bcc-4bf6-bed6-60db0e1c795f/resourceGroups/starter_app_rg/providers/Microsoft.OperationalInsights/workspaces/starter-app-workspace",
            "identity": [],
            "immediate_data_purge_on_30_days_enabled": false,
            "internet_ingestion_enabled": true,
            "internet_query_enabled": true,
            "local_authentication_disabled": false,
            "local_authentication_enabled": true,
            "location": "westeurope",
            "name": "starter-app-workspace",
            "primary_shared_key": "uu/jIT07lcAUKxIyC337fk0RdOMiqIRWuK5CdlXMwnvYP6Di7D09/b3j58bxcgSvz6TJPpcNyKuSNo11ICGAKA==",
            "reservation_capacity_in_gb_per_day": null,
            "resource_group_name": "starter_app_rg",
            "retention_in_days": 30,
            "secondary_shared_key": "0EnDlszJWy0DWInsEipp3xawmRoIx5INce/BUKhYXGD5Ei3lW4ZzvuKX7RmyFBSk61h26+0GjjgCAmZhhHv/HQ==",
            "sku": "PerGB2018",
            "tags": {},
            "timeouts": null,
            "workspace_id": "97cf6599-bff7-4aef-a32d-b1e10e4fbbbd"
          },
          "sensitive_attributes": [
            [
              {
                "type": "get_attr",
                "value": "primary_shared_key"
              }
            ],
            [
              {
                "type": "get_attr",
                "value": "secondary_shared_key"
              }
            ]
          ],
          "identity_schema_version": 0,
          "private": "eyJlMmJmYjczMC1lY2FhLTExZTYtOGY4OC0zNDM2M2JjN2M0YzAiOnsiY3JlYXRlIjoxODAwMDAwMDAwMDAwLCJkZWxldGUiOjE4MDAwMDAwMDAwMDAsInJlYWQiOjMwMDAwMDAwMDAwMCwidXBkYXRlIjoxODAwMDAwMDAwMDAwfSwic2NoZW1hX3ZlcnNpb24iOiIzIn0=",
          "dependencies": [
            "azurerm_resource_group.starter_app_rg"
          ]
        }
      ]
    },
    {
      "mode": "managed",
      "type": "azurerm_network_security_group",
      "name": "starter_app_nsg",
      "provider": "provider[\"registry.terraform.io/hashicorp/azurerm\"]",
      "instances": [
        {
          "schema_version": 0,
          "attributes": {
            "id": "/subscriptions/cd8609d4-6bcc-4bf6-bed6-60db0e1c795f/resourceGroups/starter_app_rg/providers/Microsoft.Network/networkSecurityGroups/starter_app_nsg",
            "location": "westeurope",
            "name": "starter_app_nsg",
            "resource_group_name": "starter_app_rg",
            "security_rule": [],
            "tags": {},
            "timeouts": null
          },
          "sensitive_attributes": [],
          "identity_schema_version": 0,
          "identity": {
            "name": "starter_app_nsg",
            "resource_group_name": "starter_app_rg",
            "subscription_id": "cd8609d4-6bcc-4bf6-bed6-60db0e1c795f"
          },
          "private": "eyJlMmJmYjczMC1lY2FhLTExZTYtOGY4OC0zNDM2M2JjN2M0YzAiOnsiY3JlYXRlIjoxODAwMDAwMDAwMDAwLCJkZWxldGUiOjE4MDAwMDAwMDAwMDAsInJlYWQiOjMwMDAwMDAwMDAwMCwidXBkYXRlIjoxODAwMDAwMDAwMDAwfX0=",
          "dependencies": [
            "azurerm_resource_group.starter_app_rg"
          ]
        }
      ]
    },
    {
      "mode": "managed",
      "type": "azurerm_resource_group",
      "name": "starter_app_rg",
      "provider": "provider[\"registry.terraform.io/hashicorp/azurerm\"]",
      "instances": [
        {
          "schema_version": 0,
          "attributes": {
            "id": "/subscriptions/cd8609d4-6bcc-4bf6-bed6-60db0e1c795f/resourceGroups/starter_app_rg",
            "location": "westeurope",
            "managed_by": "",
            "name": "starter_app_rg",
            "tags": {},
            "timeouts": null
          },
          "sensitive_attributes": [],
          "identity_schema_version": 0,
          "identity": {
            "name": "starter_app_rg",
            "subscription_id": "cd8609d4-6bcc-4bf6-bed6-60db0e1c795f"
          },
          "private": "eyJlMmJmYjczMC1lY2FhLTExZTYtOGY4OC0zNDM2M2JjN2M0YzAiOnsiY3JlYXRlIjo1NDAwMDAwMDAwMDAwLCJkZWxldGUiOjU0MDAwMDAwMDAwMDAsInJlYWQiOjMwMDAwMDAwMDAwMCwidXBkYXRlIjo1NDAwMDAwMDAwMDAwfX0="
        }
      ]
    },
    {
      "mode": "managed",
      "type": "azurerm_role_assignment",
      "name": "containerapp_acr_pull",
      "provider": "provider[\"registry.terraform.io/hashicorp/azurerm\"]",
      "instances": [
        {
          "schema_version": 0,
          "attributes": {
            "condition": "",
            "condition_version": "",
            "delegated_managed_identity_resource_id": "",
            "description": "",
            "id": "/subscriptions/cd8609d4-6bcc-4bf6-bed6-60db0e1c795f/resourceGroups/starter_app_rg/providers/Microsoft.ContainerRegistry/registries/starterappregistry/providers/Microsoft.Authorization/roleAssignments/5690a32b-ec0c-212a-2386-bc21715d6d42",
            "name": "5690a32b-ec0c-212a-2386-bc21715d6d42",
            "principal_id": "19880841-39ac-4568-8abe-04c05650b086",
            "principal_type": "ServicePrincipal",
            "role_definition_id": "/subscriptions/cd8609d4-6bcc-4bf6-bed6-60db0e1c795f/providers/Microsoft.Authorization/roleDefinitions/7f951dda-4ed3-4680-a7ca-43fe172d538d",
            "role_definition_name": "AcrPull",
            "scope": "/subscriptions/cd8609d4-6bcc-4bf6-bed6-60db0e1c795f/resourceGroups/starter_app_rg/providers/Microsoft.ContainerRegistry/registries/starterappregistry",
            "skip_service_principal_aad_check": null,
            "timeouts": null
          },
          "sensitive_attributes": [],
          "identity_schema_version": 0,
          "private": "eyJlMmJmYjczMC1lY2FhLTExZTYtOGY4OC0zNDM2M2JjN2M0YzAiOnsiY3JlYXRlIjoxODAwMDAwMDAwMDAwLCJkZWxldGUiOjE4MDAwMDAwMDAwMDAsInJlYWQiOjMwMDAwMDAwMDAwMH19",
          "dependencies": [
            "azurerm_container_registry.starter_app_registry",
            "azurerm_resource_group.starter_app_rg",
            "azurerm_user_assigned_identity.containerapp_identity"
          ]
        }
      ]
    },
    {
      "mode": "managed",
      "type": "azurerm_user_assigned_identity",
      "name": "containerapp_identity",
      "provider": "provider[\"registry.terraform.io/hashicorp/azurerm\"]",
      "instances": [
        {
          "schema_version": 1,
          "attributes": {
            "client_id": "c7f6be00-b9ef-4fe9-9cc6-f5e0166a0b0d",
            "id": "/subscriptions/cd8609d4-6bcc-4bf6-bed6-60db0e1c795f/resourceGroups/starter_app_rg/providers/Microsoft.ManagedIdentity/userAssignedIdentities/containerapp-pull-id",
            "isolation_scope": "",
            "location": "westeurope",
            "name": "containerapp-pull-id",
            "principal_id": "19880841-39ac-4568-8abe-04c05650b086",
            "resource_group_name": "starter_app_rg",
            "tags": {},
            "tenant_id": "f7876de7-d5df-4e34-bda8-9dc5af856b46",
            "timeouts": null
          },
          "sensitive_attributes": [],
          "identity_schema_version": 0,
          "private": "eyJlMmJmYjczMC1lY2FhLTExZTYtOGY4OC0zNDM2M2JjN2M0YzAiOnsiY3JlYXRlIjoxODAwMDAwMDAwMDAwLCJkZWxldGUiOjE4MDAwMDAwMDAwMDAsInJlYWQiOjMwMDAwMDAwMDAwMCwidXBkYXRlIjoxODAwMDAwMDAwMDAwfSwic2NoZW1hX3ZlcnNpb24iOiIxIn0=",
          "dependencies": [
            "azurerm_resource_group.starter_app_rg"
          ]
        }
      ]
    },
    {
      "mode": "managed",
      "type": "azurerm_virtual_network",
      "name": "starter_app_network",
      "provider": "provider[\"registry.terraform.io/hashicorp/azurerm\"]",
      "instances": [
        {
          "schema_version": 0,
          "attributes": {
            "address_space": [
              "10.0.0.0/16"
            ],
            "bgp_community": "",
            "ddos_protection_plan": [],
            "dns_servers": [
              "10.0.0.4",
              "10.0.0.5"
            ],
            "edge_zone": "",
            "encryption": [],
            "flow_timeout_in_minutes": 0,
            "guid": "73d07c50-214d-488f-a8b8-9c1dae99537e",
            "id": "/subscriptions/cd8609d4-6bcc-4bf6-bed6-60db0e1c795f/resourceGroups/starter_app_rg/providers/Microsoft.Network/virtualNetworks/starter_app_network",
            "ip_address_pool": [],
            "location": "westeurope",
            "name": "starter_app_network",
            "private_endpoint_vnet_policies": "Disabled",
            "resource_group_name": "starter_app_rg",
            "subnet": [
              {
                "address_prefixes": [
                  "10.0.1.0/24"
                ],
                "default_outbound_access_enabled": true,
                "delegation": [],
                "id": "/subscriptions/cd8609d4-6bcc-4bf6-bed6-60db0e1c795f/resourceGroups/starter_app_rg/providers/Microsoft.Network/virtualNetworks/starter_app_network/subnets/subnet1",
                "name": "subnet1",
                "private_endpoint_network_policies": "Disabled",
                "private_link_service_network_policies_enabled": true,
                "route_table_id": "",
                "security_group": "/subscriptions/cd8609d4-6bcc-4bf6-bed6-60db0e1c795f/resourceGroups/starter_app_rg/providers/Microsoft.Network/networkSecurityGroups/starter_app_nsg",
                "service_endpoint_policy_ids": [],
                "service_endpoints": []
              },
              {
                "address_prefixes": [
                  "10.0.2.0/24"
                ],
                "default_outbound_access_enabled": true,
                "delegation": [],
                "id": "/subscriptions/cd8609d4-6bcc-4bf6-bed6-60db0e1c795f/resourceGroups/starter_app_rg/providers/Microsoft.Network/virtualNetworks/starter_app_network/subnets/subnet2",
                "name": "subnet2",
                "private_endpoint_network_policies": "Disabled",
                "private_link_service_network_policies_enabled": true,
                "route_table_id": "",
                "security_group": "/subscriptions/cd8609d4-6bcc-4bf6-bed6-60db0e1c795f/resourceGroups/starter_app_rg/providers/Microsoft.Network/networkSecurityGroups/starter_app_nsg",
                "service_endpoint_policy_ids": [],
                "service_endpoints": []
              },
              {
                "address_prefixes": [
                  "10.0.3.0/24"
                ],
                "default_outbound_access_enabled": true,
                "delegation": [],
                "id": "/subscriptions/cd8609d4-6bcc-4bf6-bed6-60db0e1c795f/resourceGroups/starter_app_rg/providers/Microsoft.Network/virtualNetworks/starter_app_network/subnets/subnet3",
                "name": "subnet3",
                "private_endpoint_network_policies": "Disabled",
                "private_link_service_network_policies_enabled": true,
                "route_table_id": "",
                "security_group": "/subscriptions/cd8609d4-6bcc-4bf6-bed6-60db0e1c795f/resourceGroups/starter_app_rg/providers/Microsoft.Network/networkSecurityGroups/starter_app_nsg",
                "service_endpoint_policy_ids": [],
                "service_endpoints": []
              }
            ],
            "tags": {},
            "timeouts": null
          },
          "sensitive_attributes": [],
          "identity_schema_version": 0,
          "identity": {
            "name": "starter_app_network",
            "resource_group_name": "starter_app_rg",
            "subscription_id": "cd8609d4-6bcc-4bf6-bed6-60db0e1c795f"
          },
          "private": "eyJlMmJmYjczMC1lY2FhLTExZTYtOGY4OC0zNDM2M2JjN2M0YzAiOnsiY3JlYXRlIjoxODAwMDAwMDAwMDAwLCJkZWxldGUiOjE4MDAwMDAwMDAwMDAsInJlYWQiOjMwMDAwMDAwMDAwMCwidXBkYXRlIjoxODAwMDAwMDAwMDAwfX0=",
          "dependencies": [
            "azurerm_network_security_group.starter_app_nsg",
            "azurerm_resource_group.starter_app_rg"
          ]
        }
      ]
    }
  ],
  "check_results": null
}
